
Microsoft Visual Studio Solution File, Format Version 12.00
# Visual Studio Version 17
VisualStudioVersion = 17.4.33213.308
MinimumVisualStudioVersion = 10.0.40219.1
Project("{FAE04EC0-301F-11D3-BF4B-00C04F79EFBC}") = "AppLayer", "AppLayer.csproj", "{F91F253E-8A95-41BB-BCD9-AC80C34FCC7C}"
EndProject
Project("{FAE04EC0-301F-11D3-BF4B-00C04F79EFBC}") = "BLL", "..\BLL\BLL.csproj", "{4CC0DE6C-BC43-4219-9DB0-78B888AD84BF}"
EndProject
Project("{FAE04EC0-301F-11D3-BF4B-00C04F79EFBC}") = "DAL", "..\DAL\DAL.csproj", "{D52AA69F-BAB5-44BA-827D-1748D0943CE4}"
EndProject
Global
	GlobalSection(SolutionConfigurationPlatforms) = preSolution
		Debug|Any CPU = Debug|Any CPU
		Release|Any CPU = Release|Any CPU
	EndGlobalSection
	GlobalSection(ProjectConfigurationPlatforms) = postSolution
		{F91F253E-8A95-41BB-BCD9-AC80C34FCC7C}.Debug|Any CPU.ActiveCfg = Debug|Any CPU
		{F91F253E-8A95-41BB-BCD9-AC80C34FCC7C}.Debug|Any CPU.Build.0 = Debug|Any CPU
		{F91F253E-8A95-41BB-BCD9-AC80C34FCC7C}.Release|Any CPU.ActiveCfg = Release|Any CPU
		{F91F253E-8A95-41BB-BCD9-AC80C34FCC7C}.Release|Any CPU.Build.0 = Release|Any CPU
		{4CC0DE6C-BC43-4219-9DB0-78B888AD84BF}.Debug|Any CPU.ActiveCfg = Debug|Any CPU
		{4CC0DE6C-BC43-4219-9DB0-78B888AD84BF}.Debug|Any CPU.Build.0 = Debug|Any CPU
		{4CC0DE6C-BC43-4219-9DB0-78B888AD84BF}.Release|Any CPU.ActiveCfg = Release|Any CPU
		{4CC0DE6C-BC43-4219-9DB0-78B888AD84BF}.Release|Any CPU.Build.0 = Release|Any CPU
		{D52AA69F-BAB5-44BA-827D-1748D0943CE4}.Debug|Any CPU.ActiveCfg = Debug|Any CPU
		{D52AA69F-BAB5-44BA-827D-1748D0943CE4}.Debug|Any CPU.Build.0 = Debug|Any CPU
		{D52AA69F-BAB5-44BA-827D-1748D0943CE4}.Release|Any CPU.ActiveCfg = Release|Any CPU
		{D52AA69F-BAB5-44BA-827D-1748D0943CE4}.Release|Any CPU.Build.0 = Release|Any CPU
	EndGlobalSection
	GlobalSection(SolutionProperties) = preSolution
		HideSolutionNode = FALSE
	EndGlobalSection
	GlobalSection(ExtensibilityGlobals) = postSolution
		SolutionGuid = {C067F015-E4AF-4ECF-BC93-9C81D0D2C2F2}
	EndGlobalSection
EndGlobal
